{
  "version": 4,
  "terraform_version": "1.3.4",
  "serial": 22,
  "lineage": "407798d7-c668-cf3c-d88f-768b0d2e30ee",
  "outputs": {
    "repo_url": {
      "value": "https://github.com/robindias2007/Git_Repo_Terraform",
      "type": "string"
    }
  },
  "resources": [
    {
      "mode": "managed",
      "type": "github_repository",
      "name": "terraform-first-repo",
      "provider": "provider[\"registry.terraform.io/hashicorp/github\"]",
      "instances": [
        {
          "schema_version": 0,
          "attributes": {
            "allow_auto_merge": false,
            "allow_merge_commit": true,
            "allow_rebase_merge": true,
            "allow_squash_merge": true,
            "allow_update_branch": false,
            "archive_on_destroy": null,
            "archived": false,
            "auto_init": true,
            "default_branch": "main",
            "delete_branch_on_merge": false,
            "description": "My first automated git",
            "etag": "W/\"d399116c2505d6747b4b21af8727b19602f18969de990715cd08e194bb1373b6\"",
            "full_name": "robindias2007/Git_Repo_Terraform",
            "git_clone_url": "git://github.com/robindias2007/Git_Repo_Terraform.git",
            "gitignore_template": null,
            "has_downloads": false,
            "has_issues": false,
            "has_projects": false,
            "has_wiki": false,
            "homepage_url": "",
            "html_url": "https://github.com/robindias2007/Git_Repo_Terraform",
            "http_clone_url": "https://github.com/robindias2007/Git_Repo_Terraform.git",
            "id": "Git_Repo_Terraform",
            "ignore_vulnerability_alerts_during_read": null,
            "is_template": false,
            "license_template": null,
            "merge_commit_message": "PR_TITLE",
            "merge_commit_title": "MERGE_MESSAGE",
            "name": "Git_Repo_Terraform",
            "node_id": "R_kgDOIbYpHA",
            "pages": [],
            "private": false,
            "repo_id": 565586204,
            "squash_merge_commit_message": "COMMIT_MESSAGES",
            "squash_merge_commit_title": "COMMIT_OR_PR_TITLE",
            "ssh_clone_url": "git@github.com:robindias2007/Git_Repo_Terraform.git",
            "svn_url": "https://github.com/robindias2007/Git_Repo_Terraform",
            "template": [],
            "topics": null,
            "visibility": "public",
            "vulnerability_alerts": false
          },
          "sensitive_attributes": [],
          "private": "bnVsbA=="
        }
      ]
    }
  ],
  "check_results": null
}
